# This file is automatically @generated by Poetry 1.5.1 and should not be changed by hand.

[[package]]
name = "gitdb"
version = "4.0.10"
description = "Git Object Database"
optional = false
python-versions = ">=3.7"
files = [
    {file = "gitdb-4.0.10-py3-none-any.whl", hash = "sha256:c286cf298426064079ed96a9e4a9d39e7f3e9bf15ba60701e95f5492f28415c7"},
    {file = "gitdb-4.0.10.tar.gz", hash = "sha256:6eb990b69df4e15bad899ea868dc46572c3f75339735663b81de79b06f17eb9a"},
]

[package.dependencies]
smmap = ">=3.0.1,<6"

[[package]]
name = "gitpython"
version = "3.1.32"
description = "GitPython is a Python library used to interact with Git repositories"
optional = false
python-versions = ">=3.7"
files = [
    {file = "GitPython-3.1.32-py3-none-any.whl", hash = "sha256:e3d59b1c2c6ebb9dfa7a184daf3b6dd4914237e7488a1730a6d8f6f5d0b4187f"},
    {file = "GitPython-3.1.32.tar.gz", hash = "sha256:8d9b8cb1e80b9735e8717c9362079d3ce4c6e5ddeebedd0361b228c3a67a62f6"},
]

[package.dependencies]
gitdb = ">=4.0.1,<5"

[[package]]
name = "smmap"
version = "5.0.0"
description = "A pure Python implementation of a sliding window memory map manager"
optional = false
python-versions = ">=3.6"
files = [
    {file = "smmap-5.0.0-py3-none-any.whl", hash = "sha256:2aba19d6a040e78d8b09de5c57e96207b09ed71d8e55ce0959eeee6c8e190d94"},
    {file = "smmap-5.0.0.tar.gz", hash = "sha256:c840e62059cd3be204b0c9c9f74be2c09d5648eddd4580d9314c3ecde0b30936"},
]

[[package]]
name = "yeet-api"
version = "0.2.0"
description = "Core API for yeet tools"
optional = false
python-versions = ">=3.10,<4.0"
files = [
    {file = "yeet_api-0.2.0-py3-none-any.whl", hash = "sha256:120ddd3984e53feb5b1cbf57615e376fa9ddd9e07e8de3761874a1f5cc90b259"},
    {file = "yeet_api-0.2.0.tar.gz", hash = "sha256:00fc0fb11e0a82531e00d2be51a76200b1fd77637651e94748a4d8f79436343f"},
]

[package.dependencies]
gitpython = ">=3.1.31,<4.0.0"

[metadata]
lock-version = "2.0"
python-versions = "^3.10"
content-hash = "aad07ec030d1d096a0c019ba3190848f930b813cc675ae2c6b46e5dd4be91d11"
